langcode: en
status: true
dependencies:
  module:
    - lb_table
  enforced:
    module:
      - y_lb_demo_content
id: y_lb_demo_block_table_block
migration_tags:
  - openy_complete_installation
  - openy_standard_installation
  - openy_extended_installation
migration_group: y_lb_demo_content
label: 'Import demo Layout Builder - Basic HTML'
source:
  plugin: embedded_data
  data_rows:
    -
      id: 111
      uuid: 'aaa97648-dafa-4ce6-8e38-7ae6c98a1d71'
      title: "Serving Our Community"
      text: "<p>Above all else, the YMCA of [Springfield] strives to serve everyone regardless of income, background or age. Check out the quick links to discover how we put our passion and ambitions into action.</p>"
      format: 'full_html'

    - id: 112
      uuid: '3e04cbed-0edd-4a5b-a4fa-8da5d268f9aa'
      title: "The YMCA's History and Mission"
      text: "<p>The first YMCA was founded in London during the Industrial Revolution, when a former farmer and his friends organized a refuge for young men seeking shelter from hazardous streets. Just seven years later, in 1851, the first U.S. outpost opened at the Old South Church in Boston.</p><p>The last two centuries have seen the Y's mission grow exponentially, serving more than 10,000 communities in the U.S. alone. As the nation's leading nonprofit, the Y is committed to empowering people by improving their well-being, inspiring action, strengthening their communities and ensuring safe, healthy spaces for all.</p>"
      format: 'full_html'

    - id: 113
      uuid: '06a07d84-cf9e-42c6-8af9-77d098efe937'
      title: "Something for Everyone"
      text: "<p>We believe in a well-balanced life, giving members the resources they need to spend time with family, maintain good health and foster connections in their community. From swimming lessons to community service projects, the programs at the YMCA of [Springfield] strengthen spirit, body and mind.</p><p>Click one of the quick links to learn more.</p>"
      format: 'full_html'

    - id: 114
      uuid: '4c16df42-b839-4af3-8eab-841e22d981c6'
      title: "Always in Action"
      text: "<p>Our leagues are safe, fair, and, most of all, fun, with year-round programs designed to improve skills and form lasting friendships for kids of all ages and skill levels. Choose a sport from the list to learn more and sign up.</p>"
      format: 'full_html'

    - id: 115
      uuid: '30229bec-7348-46ef-baf8-624c867ee7e7'
      title: "At a Glance"
      text: "<p>Teams practice once a week on weeknights for an hour. Most games are played on Saturdays, but there may be a few weeknight games to accommodate holidays, school breaks and make-up games. Players are assigned to teams based on practice availability, requests, skill level and age in order to best balance teams. </p><p>Use this menu to find all the info you need about our youth soccer programs.</p>"
      format: 'full_html'

    - id: 116
      uuid: '959d8ff5-4704-4bb3-b5d9-774431f67546'
      title: "Join Our Community"
      text: "<p>Every day there's something new at the YMCA. We bring people of all ages together to encourage healthy living and foster connections through fitness, sports, fun, and community. We have the support, guidance, and resources you need to help you learn new things, meet your goals, and make new friends at any stage of life. Join us today!</p>"
      format: 'full_html'

    - id: 117
      uuid: '295e1e55-28ea-4ce4-a430-fc9a25d2fa34'
      title: "Lorem Ipsum"
      text: "<p>Lorem ipsum dolor sit amet, consectetur adipiscing elit, sed do eiusmod tempor incididunt ut labore et dolore magna aliqua.</p>"
      format: 'full_html'

    - id: 118
      uuid: '46df1521-d8e2-46f5-8f5a-9aa043c2a527'
      title: "Joining the Y"
      text: "<p>You might be surprised by all the Y has to offer. We have motivating group fitness classes, adult and youth sports leagues, healthy living programs for all ages, and a community of support. You'll find welcoming staff ready to help you meet your goals and live your healthiest, happiest life.</p>"
      format: 'full_html'

    - id: 119
      uuid: 'e230ee9c-8852-4bf2-860f-af965608793f'
      title: "The Y, on Your Schedule"
      text: "<p>At the YMCA of [Springfield], we do our best to make all of our classes and amenities available when our members need them. On our site, you can see all of our scheduled classes, events, and activities; make and modify reservations; and even view our holiday hours. Use the quick links menu to find what you need.</p>"
      format: 'full_html'

    - id: 120
      uuid: 'e257a477-c857-4d5e-91c6-bc01b31fba5a'
      title: "Class Schedules"
      subtitle: "For classes with limited capacity, you can reserve a spot online until 30 minutes before class begins. You can also cancel through our online system or by calling your local Y."
      text: "<p>Placeholder for the schedules block.</p>"
      format: 'full_html'

    - id: 121
      uuid: '44e37de7-cafc-499d-a7fb-c1a4cb75daa7'
      title: "Something for Everyone"
      text: "<p>From parents night out to activities for the whole family, and from cooking classes to turkey trots, our calendar of events reflects the diverse interests of our community.</p><p>Tap or click on any of the events below for more details and to register for a spot.</p>"
      format: 'full_html'

    - id: 122
      uuid: '4f2ef641-f3ef-4572-9a08-e3f52fd11e00'
      title: "We want to hear from you!"
      text: "<ul><li><b>For membership changes or cancellations</b>, please contact <a href='[site:url]demo-location-finder'>your home branch</a> directly.</li><li><b>For media inquiries</b>, check out our <a href='#media-room'>media room section</a>.</li><li><b>For questions or comments on our programs, becoming a sponsor, or anything else</b>, reach out via the form below, and we will get back to you as soon as we can.</li></ul>"
      format: 'full_html'


    - id: 123
      uuid: 'c4709456-71d4-4514-b198-219a0e059d19'
      title: "Use the membership builder below to select the level and location that are right for you."
      text: "<p>When you reach the final step, you will be transferred to our registration site to finalize and set up your account. From there, you can sign up for specific programs and more.</p><p>Feel free to <a href='[site:url]demo-contact-us'>contact us</a> with any questions throughout the process.</p><p>&nbsp;</p>"
      format: 'full_html'

    - id: 124
      uuid: '79f79fd2-74ff-438a-aea3-35cefe0b782c'
      title: "Find the membership that's Best for You"
      text: "<p>Placeholder for the membership finder block.</p>"
      format: 'full_html'

    - id: 125
      uuid: 'a86e7918-7127-4929-b362-ace81cc28846'
      title: "Love What You Do"
      text: "<p>You’ll find more than just a job when you work at the Y. You’ll find a fun, caring community where you can truly thrive, learn and grow.</p><p>We offer a wide range of full-time, part-time and seasonal jobs. Benefits vary based on your position but can include:</p><ul><li>Free membership and program discounts</li><li>Comprehensive benefits for medical, dental, vision, life and long-term disability</li><li>Opportunity to participate in the Y retirement fund</li><li>Access to our employee assistance program (EAP)</li></ul><p>Explore the below positions to learn more and apply.</p>"
      format: 'full_html'

    - id: 126
      uuid: '8c1ec495-8933-49c2-9234-243c335d565e'
      title: "Make a Difference as a Y Volunteer"
      text: "<p>Our volunteers are key to our mission of supporting all people in our community. No matter the opportunity you pursue, your involvement with the Y will help bring about positive, meaningful change to local families and children.</p><p>Check out our open volunteer positions below and fill out an interest form to learn more.</p>"
      format: 'full_html'

    - id: 127
      uuid: '99e2e22f-b50d-4f63-ba40-b05b19f3f191'
      title: "How would you like to start?"
      text: "<p>Placeholder for the Activity Finder block.</p>"
      format: 'full_html'

    - id: 128
      uuid: '5af8bcaf-180a-404b-a2ec-323fe4b8d6f9'
      title: "Lorem ipsum dolor sit amet"
      text: "<p> Lorem ipsum dolor sit amet, consectetur adipiscing elit, sed do eiusmod tempor incididunt ut labore et dolore magna aliqua. Ut enim ad minim veniam, quis nostrud exercitation ullamco laboris nisi ut aliquip ex ea commodo consequat. Duis aute irure dolor in reprehenderit in voluptate velit esse cillum dolore eu fugiat nulla pariatur. Excepteur sint occaecat cupidatat non proident, sunt in culpa qui officia deserunt mollit anim id est laborum.</p><p>Eget aliquet nibh praesent tristique magna sit. Volutpat ac tincidunt vitae semper quis lectus nulla. Malesuada nunc vel risus commodo viverra maecenas. Fames ac turpis egestas maecenas pharetra. A diam maecenas sed enim ut sem viverra aliquet. Sed arcu non odio euismod lacinia at. Sagittis aliquam malesuada bibendum arcu vitae elementum curabitur vitae. Facilisis volutpat est velit egestas dui id ornare. Odio ut sem nulla pharetra diam sit amet. Eget felis eget nunc lobortis mattis aliquam faucibus purus in. Malesuada fames ac turpis egestas integer eget. Nullam eget felis eget nunc lobortis mattis. Vitae elementum curabitur vitae nunc. Urna molestie at elementum eu facilisis sed odio morbi quis. Enim ut tellus elementum sagittis vitae et leo duis ut. Mi quis hendrerit dolor magna eget. Lobortis scelerisque fermentum dui faucibus. Auctor elit sed vulputate mi sit amet mauris.</p><p>Quam nulla porttitor massa id neque. Nisi quis eleifend quam adipiscing vitae proin sagittis nisl rhoncus. Hac habitasse platea dictumst vestibulum rhoncus est. Interdum varius sit amet mattis. Non sodales neque sodales ut etiam sit amet nisl purus. Orci eu lobortis elementum nibh tellus molestie nunc non. Donec massa sapien faucibus et molestie. Ac feugiat sed lectus vestibulum mattis ullamcorper velit sed. Id velit ut tortor pretium viverra. Venenatis cras sed felis eget. Imperdiet sed euismod nisi porta lorem mollis. Egestas dui id ornare arcu odio ut sem nulla pharetra. Arcu non sodales neque sodales ut etiam sit amet. Dolor morbi non arcu risus quis varius quam quisque. Aliquam sem fringilla ut morbi tincidunt augue interdum velit euismod.</p>"
      format: 'full_html'

    - id: 129
      uuid: '073e6671-4b58-42f9-b73d-f6a05bdf3b2e'
      title: ""
      text: "<p><ul><li><a target='_blank' href='[site:url]legacy-home-page'>Home</a></li><li>Programs<ul><li><a target='_blank' href='[site:url]programs/health-and-fitness'>Health and Fitness</a></li><li><a target='_blank' href='[site:url]programs/swimming'>Swimming</a></li><li><a target='_blank' href='[site:url]programs/kids-and-family-activities'>Kids and Family Activities</a></li><li><a target='_blank' href='[site:url]programs/camps'>Camps</a></li><li><a target='_blank' href='[site:url]programs/child-care'>Child Care</a></li><li><a target='_blank' href='[site:url]programs/youth-programs'>Youth Programs</a></li><li><a target='_blank' href='[site:url]programs/health-and-fitness/active-older-adults'>Active Older Adults</a></li><li><a target='_blank' href='[site:url]programs/health-and-fitness/health-fitness-kids-teens'>Health & Fitness for Kids & Teens</a></li><li><a target='_blank' href='[site:url]programs/health-and-fitness/personal-training'>Personal Training</a></li><li><a target='_blank' href='[site:url]programs/health-and-fitness/programs-health'>Programs for Health</a></li><li><a target='_blank' href='[site:url]programs/health-and-fitness/recreation'>Recreation</a></li><li><a target='_blank' href='[site:url]programs/health-and-fitness/small-group-specialty-training'>Small Group and Specialty Training</a></li><li><a target='_blank' href='[site:url]programs/swimming/swim-team'>Swim Team</a></li><li><a target='_blank' href='[site:url]programs/health-and-fitness/weight-loss'>Weight Loss</a></li><li><a target='_blank' href='[site:url]programs/swimming/drop-swim'>Drop-In Swim</a></li><li><a target='_blank' href='[site:url]programs/swimming/swim-lessons'>Swim Lessons</a></li><li><a target='_blank' href='[site:url]programs/kids-and-family-activities/cooking-crafts'>Cooking & Crafts</a></li><li><a target='_blank' href='[site:url]programs/kids-and-family-activities/family-activities'>Family Activities</a><ul><li><a target='_blank' href='[site:url]swimlessons'>Swimming Lessons at the YMCA</a></ul></li><li><a target='_blank' href='[site:url]programs/kids-and-family-activities/kids-university-enrichment-classes'>Kids University & Enrichment Classes</a></li><li><a target='_blank' href='[site:url]programs/kids-and-family-activities/kids-zone-activity-centers'>Kids Zone Activity Centers</a></li><li><a target='_blank' href='[site:url]programs/kids-and-family-activities/sports'>Sports</a></li><li><a target='_blank' href='[site:url]programs/camps/bold-gold'>Bold & Gold</a></li><li><a target='_blank' href='[site:url]programs/camps/day-camps'>Day Camps</a></li><li><a target='_blank' href='[site:url]programs/child-care/after-school-child-care'>Before & After School Child Care</a></li><li><a target='_blank' href='[site:url]programs/child-care/preschool'>Preschool</a></li><li><a target='_blank' href='[site:url]programs/youth-programs/earth-service-corps'>Earth Service Corps</a></li></ul></li><li><a target='_blank' href='[site:url]locations'>Locations</a></li><li><a target='_blank' href='[site:url]schedules'>Schedules</a><ul><li><a target='_blank' href='[site:url]camp'>Camp</a></li><li><a target='_blank' href='[site:url]group-exercise-classes'>Group Exercise Classes</a></li><li><a target='_blank' href='[site:url]kids-teens'>Kids & Teens</a></li><li><a target='_blank' href='[site:url]personal-training'>Personal Training</a></li><li><a target='_blank' href='[site:url]programs-activities'>Programs & Activities (Activity Finder)</a></li><li><a target='_blank' href='[site:url]swim'>Swim</a></li><li><a target='_blank' href='[site:url]schedules/group-schedules-embedded'>Group Schedules (Embedded)</a></li></ul></li><li><a target='_blank' href='[site:url]about'>About</a></li><li><a target='_blank' href='[site:url]accelerator'>Accelerator</a></li><li><a target='_blank' href='[site:url]blog'>Blog</a></li><li><a target='_blank' href='[site:url]join'>Join</a></li></ul></p>"
      format: 'full_html'
  ids:
    id:
      type: integer
process:
  langcode:
    plugin: default_value
    source: language
    default_value: en
  status:
    plugin: default_value
    default_value: 1
  reusable:
    plugin: default_value
    default_value: 0
  type:
    plugin: default_value
    default_value: lb_table
  uuid: uuid
  field_section_title: title
  field_section_subtitle: subtitle
  body/value: text
  body/format:
    plugin: default_value
    default_value: full_html
destination:
  plugin: entity:block_content
  default_bundle: 'lb_table'
migration_dependencies: {  }
